
Microsoft Visual Studio Solution File, Format Version 12.00
# Visual Studio Version 17
VisualStudioVersion = 17.14.36401.2
MinimumVisualStudioVersion = 10.0.40219.1
Project("{FAE04EC0-301F-11D3-BF4B-00C04F79EFBC}") = "cardiovascular-disease-cli", "cardiovascular-disease-cli.csproj", "{2860E327-3F2D-4358-871B-B7827C8FB2F6}"
EndProject
Global
	GlobalSection(SolutionConfigurationPlatforms) = preSolution
		Debug|Any CPU = Debug|Any CPU
		Release|Any CPU = Release|Any CPU
	EndGlobalSection
	GlobalSection(ProjectConfigurationPlatforms) = postSolution
		{2860E327-3F2D-4358-871B-B7827C8FB2F6}.Debug|Any CPU.ActiveCfg = Debug|Any CPU
		{2860E327-3F2D-4358-871B-B7827C8FB2F6}.Debug|Any CPU.Build.0 = Debug|Any CPU
		{2860E327-3F2D-4358-871B-B7827C8FB2F6}.Release|Any CPU.ActiveCfg = Release|Any CPU
		{2860E327-3F2D-4358-871B-B7827C8FB2F6}.Release|Any CPU.Build.0 = Release|Any CPU
	EndGlobalSection
	GlobalSection(SolutionProperties) = preSolution
		HideSolutionNode = FALSE
	EndGlobalSection
	GlobalSection(ExtensibilityGlobals) = postSolution
		SolutionGuid = {5A376C44-7BC5-4BC7-82B3-B27A576834A7}
	EndGlobalSection
EndGlobal
